{
  "version": 4,
  "terraform_version": "1.9.8",
  "serial": 1,
  "lineage": "38b09627-c8b5-6fb4-c2ef-6a95743a0e66",
  "outputs": {},
  "resources": [
    {
      "mode": "managed",
      "type": "aws_vpc",
      "name": "first-vpc",
      "provider": "provider[\"registry.terraform.io/hashicorp/aws\"]",
      "instances": [
        {
          "schema_version": 1,
          "attributes": {
            "arn": "arn:aws:ec2:us-east-1:634215651639:vpc/vpc-0f101fbc49dd0ba87",
            "assign_generated_ipv6_cidr_block": false,
            "cidr_block": "10.0.0.0/16",
            "default_network_acl_id": "acl-00193dd08c28ad7e6",
            "default_route_table_id": "rtb-09facc259aa8f7c62",
            "default_security_group_id": "sg-0032939191b325c7f",
            "dhcp_options_id": "dopt-09b68f3eb00f51d3b",
            "enable_dns_hostnames": false,
            "enable_dns_support": true,
            "enable_network_address_usage_metrics": false,
            "id": "vpc-0f101fbc49dd0ba87",
            "instance_tenancy": "default",
            "ipv4_ipam_pool_id": null,
            "ipv4_netmask_length": null,
            "ipv6_association_id": "",
            "ipv6_cidr_block": "",
            "ipv6_cidr_block_network_border_group": "",
            "ipv6_ipam_pool_id": "",
            "ipv6_netmask_length": 0,
            "main_route_table_id": "rtb-09facc259aa8f7c62",
            "owner_id": "634215651639",
            "tags": {
              "Name": "first-vpc"
            },
            "tags_all": {
              "Name": "first-vpc"
            }
          },
          "sensitive_attributes": [],
          "private": "eyJzY2hlbWFfdmVyc2lvbiI6IjEifQ=="
        }
      ]
    }
  ],
  "check_results": null
}
